Microsoft Visual Studio Solution File, Format Version 12.00
# Visual Studio Version 17
VisualStudioVersion = 17.10.34814.14
MinimumVisualStudioVersion = 10.0.40219.1
Project("{9A19103F-16F7-4668-BE54-9A1E7A4F7556}") = "TestMonacoEditorBlazorApp", "TestMonacoEditorBlazorApp\TestMonacoEditorBlazorApp\TestMonacoEditorBlazorApp.csproj", "{B55AA2EE-E74A-44BE-9CAC-A79FE80E8FED}"
EndProject
Project("{9A19103F-16F7-4668-BE54-9A1E7A4F7556}") = "TestMonacoEditorBlazorApp.Client", "TestMonacoEditorBlazorApp\TestMonacoEditorBlazorApp.Client\TestMonacoEditorBlazorApp.Client.csproj", "{51E9F8D3-A842-43A7-943C-4D764049115D}"
EndProject
Global
	GlobalSection(ExtensibilityGlobals) = postSolution
		SolutionGuid = {A9FB24BE-E2B4-47A2-B8E3-08EA12F94ED3}
	EndGlobalSection
	GlobalSection(ProjectConfigurationPlatforms) = postSolution
		{51E9F8D3-A842-43A7-943C-4D764049115D}.Debug|Any CPU.ActiveCfg = Debug|Any CPU
		{51E9F8D3-A842-43A7-943C-4D764049115D}.Debug|Any CPU.Build.0 = Debug|Any CPU
		{51E9F8D3-A842-43A7-943C-4D764049115D}.Release|Any CPU.ActiveCfg = Release|Any CPU
		{51E9F8D3-A842-43A7-943C-4D764049115D}.Release|Any CPU.Build.0 = Release|Any CPU
		{B55AA2EE-E74A-44BE-9CAC-A79FE80E8FED}.Debug|Any CPU.ActiveCfg = Debug|Any CPU
		{B55AA2EE-E74A-44BE-9CAC-A79FE80E8FED}.Debug|Any CPU.Build.0 = Debug|Any CPU
		{B55AA2EE-E74A-44BE-9CAC-A79FE80E8FED}.Release|Any CPU.ActiveCfg = Release|Any CPU
		{B55AA2EE-E74A-44BE-9CAC-A79FE80E8FED}.Release|Any CPU.Build.0 = Release|Any CPU
	EndGlobalSection
	GlobalSection(SolutionConfigurationPlatforms) = preSolution
		Debug|Any CPU = Debug|Any CPU
		Release|Any CPU = Release|Any CPU
	EndGlobalSection
	GlobalSection(SolutionProperties) = preSolution
		HideSolutionNode = FALSE
	EndGlobalSection
EndGlobal
